
Microsoft Visual Studio Solution File, Format Version 12.00
# Visual Studio Version 16
VisualStudioVersion = 16.0.31729.503
MinimumVisualStudioVersion = 10.0.40219.1
Project("{FAE04EC0-301F-11D3-BF4B-00C04F79EFBC}") = "Cek Input Prima", "Cek Input Prima\Cek Input Prima.csproj", "{3711FF00-F369-469B-B74A-688C1FE23339}"
EndProject
Global
	GlobalSection(SolutionConfigurationPlatforms) = preSolution
		Debug|Any CPU = Debug|Any CPU
		Release|Any CPU = Release|Any CPU
	EndGlobalSection
	GlobalSection(ProjectConfigurationPlatforms) = postSolution
		{3711FF00-F369-469B-B74A-688C1FE23339}.Debug|Any CPU.ActiveCfg = Debug|Any CPU
		{3711FF00-F369-469B-B74A-688C1FE23339}.Debug|Any CPU.Build.0 = Debug|Any CPU
		{3711FF00-F369-469B-B74A-688C1FE23339}.Release|Any CPU.ActiveCfg = Release|Any CPU
		{3711FF00-F369-469B-B74A-688C1FE23339}.Release|Any CPU.Build.0 = Release|Any CPU
	EndGlobalSection
	GlobalSection(SolutionProperties) = preSolution
		HideSolutionNode = FALSE
	EndGlobalSection
	GlobalSection(ExtensibilityGlobals) = postSolution
		SolutionGuid = {76A6602D-5FDC-4A36-9ED2-CCDB9E864D1F}
	EndGlobalSection
EndGlobal
